// !$*UTF8*$!
{
	archiveVersion = 1;
	classes = {
	};
	objectVersion = 46;
	objects = {

/* Begin PBXBuildFile section */
		55DED18B25BEC1D9004C02F9 /* Essentials.h in Headers */ = {isa = PBXBuildFile; fileRef = 01E451F01B8B415C0011F1B1 /* Essentials.h */; settings = {ATTRIBUTES = (Public, ); }; };
		55DED19525BEC1EB004C02F9 /* NNKeyboardListener.m in Sources */ = {isa = PBXBuildFile; fileRef = 01E451C41B8B3BD70011F1B1 /* NNKeyboardListener.m */; };
		55DED19825BEC1EF004C02F9 /* UIScrollView+NNKeyboardListener.m in Sources */ = {isa = PBXBuildFile; fileRef = 01E451C61B8B3BD70011F1B1 /* UIScrollView+NNKeyboardListener.m */; };
		55DED19B25BEC1F7004C02F9 /* NNLayoutWrapper.m in Sources */ = {isa = PBXBuildFile; fileRef = 01E451CB1B8B3BD70011F1B1 /* NNLayoutWrapper.m */; };
		55DED19E25BEC1FA004C02F9 /* UIView+NNSystemLayoutSize.m in Sources */ = {isa = PBXBuildFile; fileRef = 01E451F71B8B59270011F1B1 /* UIView+NNSystemLayoutSize.m */; };
		55DED1A125BEC1FD004C02F9 /* UIViewController+NNLayoutGuide.m in Sources */ = {isa = PBXBuildFile; fileRef = 01E451CD1B8B3BD70011F1B1 /* UIViewController+NNLayoutGuide.m */; };
		55DED1A425BEC201004C02F9 /* NNScrollViewWrapper.m in Sources */ = {isa = PBXBuildFile; fileRef = 01E451D01B8B3BD70011F1B1 /* NNScrollViewWrapper.m */; };
		55DED1A725BEC204004C02F9 /* NNTouchInterceptorView.m in Sources */ = {isa = PBXBuildFile; fileRef = 01E451D31B8B3BD70011F1B1 /* NNTouchInterceptorView.m */; };
		55DED1AA25BEC21C004C02F9 /* NSObject+NNProxy.m in Sources */ = {isa = PBXBuildFile; fileRef = 01E451EA1B8B40B30011F1B1 /* NSObject+NNProxy.m */; };
		55DED1AD25BEC21E004C02F9 /* NNLazyProxy.m in Sources */ = {isa = PBXBuildFile; fileRef = 01E451D91B8B3BD70011F1B1 /* NNLazyProxy.m */; };
		55DED1B025BEC221004C02F9 /* NNAsyncInitProxy.m in Sources */ = {isa = PBXBuildFile; fileRef = 01E451E91B8B40B30011F1B1 /* NNAsyncInitProxy.m */; };
		55DED1B325BEC223004C02F9 /* NNObjectProxy.m in Sources */ = {isa = PBXBuildFile; fileRef = 01E451DB1B8B3BD70011F1B1 /* NNObjectProxy.m */; };
		55DED1B625BEC233004C02F9 /* NNLayoutSpacer.m in Sources */ = {isa = PBXBuildFile; fileRef = 01E451F31B8B45050011F1B1 /* NNLayoutSpacer.m */; };
		55DED1B925BEC27A004C02F9 /* NNScrollViewWrapper.h in Headers */ = {isa = PBXBuildFile; fileRef = 01E451CF1B8B3BD70011F1B1 /* NNScrollViewWrapper.h */; settings = {ATTRIBUTES = (Public, ); }; };
		55DED1BE25BEC285004C02F9 /* NNKeyboardListener.h in Headers */ = {isa = PBXBuildFile; fileRef = 01E451C31B8B3BD70011F1B1 /* NNKeyboardListener.h */; settings = {ATTRIBUTES = (Public, ); }; };
		55DED1C325BEC28F004C02F9 /* UIScrollView+NNKeyboardListener.h in Headers */ = {isa = PBXBuildFile; fileRef = 01E451C51B8B3BD70011F1B1 /* UIScrollView+NNKeyboardListener.h */; settings = {ATTRIBUTES = (Public, ); }; };
		55DED1C825BEC297004C02F9 /* NNLayoutWrapper.h in Headers */ = {isa = PBXBuildFile; fileRef = 01E451CA1B8B3BD70011F1B1 /* NNLayoutWrapper.h */; settings = {ATTRIBUTES = (Public, ); }; };
		55DED1CD25BEC2A5004C02F9 /* UIView+NNSystemLayoutSize.h in Headers */ = {isa = PBXBuildFile; fileRef = 01E451F61B8B59270011F1B1 /* UIView+NNSystemLayoutSize.h */; settings = {ATTRIBUTES = (Public, ); }; };
		55DED1D225BEC2AF004C02F9 /* UIViewController+NNLayoutGuide.h in Headers */ = {isa = PBXBuildFile; fileRef = 01E451CC1B8B3BD70011F1B1 /* UIViewController+NNLayoutGuide.h */; settings = {ATTRIBUTES = (Public, ); }; };
		55DED1D725BEC2BB004C02F9 /* NNTouchInterceptorView.h in Headers */ = {isa = PBXBuildFile; fileRef = 01E451D21B8B3BD70011F1B1 /* NNTouchInterceptorView.h */; settings = {ATTRIBUTES = (Public, ); }; };
		55DED1DC25BEC2CE004C02F9 /* NSObject+NNProxy.h in Headers */ = {isa = PBXBuildFile; fileRef = 01E451EB1B8B40B30011F1B1 /* NSObject+NNProxy.h */; settings = {ATTRIBUTES = (Public, ); }; };
		55DED1E125BEC2E9004C02F9 /* NNLayoutSpacer.h in Headers */ = {isa = PBXBuildFile; fileRef = 01E451F21B8B45050011F1B1 /* NNLayoutSpacer.h */; settings = {ATTRIBUTES = (Public, ); }; };
		740E724826123496008DDC92 /* Masonry.framework in Frameworks */ = {isa = PBXBuildFile; fileRef = 740E724726123496008DDC92 /* Masonry.framework */; };
/* End PBXBuildFile section */

/* Begin PBXFileReference section */
		01B327281B84994F00C6B2D8 /* EssentialsTests.xctest */ = {isa = PBXFileReference; explicitFileType = wrapper.cfbundle; includeInIndex = 0; path = EssentialsTests.xctest; sourceTree = BUILT_PRODUCTS_DIR; };
		01B3272E1B84994F00C6B2D8 /* Info.plist */ = {isa = PBXFileReference; lastKnownFileType = text.plist.xml; path = Info.plist; sourceTree = "<group>"; };
		01E451C31B8B3BD70011F1B1 /* NNKeyboardListener.h */ = {isa = PBXFileReference; fileEncoding = 4; lastKnownFileType = sourcecode.c.h; path = NNKeyboardListener.h; sourceTree = "<group>"; };
		01E451C41B8B3BD70011F1B1 /* NNKeyboardListener.m */ = {isa = PBXFileReference; fileEncoding = 4; lastKnownFileType = sourcecode.c.objc; path = NNKeyboardListener.m; sourceTree = "<group>"; };
		01E451C51B8B3BD70011F1B1 /* UIScrollView+NNKeyboardListener.h */ = {isa = PBXFileReference; fileEncoding = 4; lastKnownFileType = sourcecode.c.h; path = "UIScrollView+NNKeyboardListener.h"; sourceTree = "<group>"; };
		01E451C61B8B3BD70011F1B1 /* UIScrollView+NNKeyboardListener.m */ = {isa = PBXFileReference; fileEncoding = 4; lastKnownFileType = sourcecode.c.objc; path = "UIScrollView+NNKeyboardListener.m"; sourceTree = "<group>"; };
		01E451CA1B8B3BD70011F1B1 /* NNLayoutWrapper.h */ = {isa = PBXFileReference; fileEncoding = 4; lastKnownFileType = sourcecode.c.h; path = NNLayoutWrapper.h; sourceTree = "<group>"; };
		01E451CB1B8B3BD70011F1B1 /* NNLayoutWrapper.m */ = {isa = PBXFileReference; fileEncoding = 4; lastKnownFileType = sourcecode.c.objc; path = NNLayoutWrapper.m; sourceTree = "<group>"; };
		01E451CC1B8B3BD70011F1B1 /* UIViewController+NNLayoutGuide.h */ = {isa = PBXFileReference; fileEncoding = 4; lastKnownFileType = sourcecode.c.h; path = "UIViewController+NNLayoutGuide.h"; sourceTree = "<group>"; };
		01E451CD1B8B3BD70011F1B1 /* UIViewController+NNLayoutGuide.m */ = {isa = PBXFileReference; fileEncoding = 4; lastKnownFileType = sourcecode.c.objc; path = "UIViewController+NNLayoutGuide.m"; sourceTree = "<group>"; };
		01E451CF1B8B3BD70011F1B1 /* NNScrollViewWrapper.h */ = {isa = PBXFileReference; fileEncoding = 4; lastKnownFileType = sourcecode.c.h; path = NNScrollViewWrapper.h; sourceTree = "<group>"; };
		01E451D01B8B3BD70011F1B1 /* NNScrollViewWrapper.m */ = {isa = PBXFileReference; fileEncoding = 4; lastKnownFileType = sourcecode.c.objc; path = NNScrollViewWrapper.m; sourceTree = "<group>"; };
		01E451D21B8B3BD70011F1B1 /* NNTouchInterceptorView.h */ = {isa = PBXFileReference; fileEncoding = 4; lastKnownFileType = sourcecode.c.h; path = NNTouchInterceptorView.h; sourceTree = "<group>"; };
		01E451D31B8B3BD70011F1B1 /* NNTouchInterceptorView.m */ = {isa = PBXFileReference; fileEncoding = 4; lastKnownFileType = sourcecode.c.objc; path = NNTouchInterceptorView.m; sourceTree = "<group>"; };
		01E451D81B8B3BD70011F1B1 /* NNLazyProxy.h */ = {isa = PBXFileReference; fileEncoding = 4; lastKnownFileType = sourcecode.c.h; path = NNLazyProxy.h; sourceTree = "<group>"; };
		01E451D91B8B3BD70011F1B1 /* NNLazyProxy.m */ = {isa = PBXFileReference; fileEncoding = 4; lastKnownFileType = sourcecode.c.objc; path = NNLazyProxy.m; sourceTree = "<group>"; };
		01E451DA1B8B3BD70011F1B1 /* NNObjectProxy.h */ = {isa = PBXFileReference; fileEncoding = 4; lastKnownFileType = sourcecode.c.h; path = NNObjectProxy.h; sourceTree = "<group>"; };
		01E451DB1B8B3BD70011F1B1 /* NNObjectProxy.m */ = {isa = PBXFileReference; fileEncoding = 4; lastKnownFileType = sourcecode.c.objc; path = NNObjectProxy.m; sourceTree = "<group>"; };
		01E451E91B8B40B30011F1B1 /* NNAsyncInitProxy.m */ = {isa = PBXFileReference; fileEncoding = 4; lastKnownFileType = sourcecode.c.objc; path = NNAsyncInitProxy.m; sourceTree = "<group>"; };
		01E451EA1B8B40B30011F1B1 /* NSObject+NNProxy.m */ = {isa = PBXFileReference; fileEncoding = 4; lastKnownFileType = sourcecode.c.objc; path = "NSObject+NNProxy.m"; sourceTree = "<group>"; };
		01E451EB1B8B40B30011F1B1 /* NSObject+NNProxy.h */ = {isa = PBXFileReference; fileEncoding = 4; lastKnownFileType = sourcecode.c.h; path = "NSObject+NNProxy.h"; sourceTree = "<group>"; };
		01E451EC1B8B40B30011F1B1 /* NNAsyncInitProxy.h */ = {isa = PBXFileReference; fileEncoding = 4; lastKnownFileType = sourcecode.c.h; path = NNAsyncInitProxy.h; sourceTree = "<group>"; };
		01E451F01B8B415C0011F1B1 /* Essentials.h */ = {isa = PBXFileReference; fileEncoding = 4; lastKnownFileType = sourcecode.c.h; path = Essentials.h; sourceTree = "<group>"; };
		01E451F21B8B45050011F1B1 /* NNLayoutSpacer.h */ = {isa = PBXFileReference; fileEncoding = 4; lastKnownFileType = sourcecode.c.h; path = NNLayoutSpacer.h; sourceTree = "<group>"; };
		01E451F31B8B45050011F1B1 /* NNLayoutSpacer.m */ = {isa = PBXFileReference; fileEncoding = 4; lastKnownFileType = sourcecode.c.objc; path = NNLayoutSpacer.m; sourceTree = "<group>"; };
		01E451F61B8B59270011F1B1 /* UIView+NNSystemLayoutSize.h */ = {isa = PBXFileReference; fileEncoding = 4; lastKnownFileType = sourcecode.c.h; path = "UIView+NNSystemLayoutSize.h"; sourceTree = "<group>"; };
		01E451F71B8B59270011F1B1 /* UIView+NNSystemLayoutSize.m */ = {isa = PBXFileReference; fileEncoding = 4; lastKnownFileType = sourcecode.c.objc; path = "UIView+NNSystemLayoutSize.m"; sourceTree = "<group>"; };
		55DED17F25BEC192004C02F9 /* Essentials.framework */ = {isa = PBXFileReference; explicitFileType = wrapper.framework; includeInIndex = 0; path = Essentials.framework; sourceTree = BUILT_PRODUCTS_DIR; };
		55DED18225BEC192004C02F9 /* Info.plist */ = {isa = PBXFileReference; lastKnownFileType = text.plist.xml; path = Info.plist; sourceTree = "<group>"; };
		740E724726123496008DDC92 /* Masonry.framework */ = {isa = PBXFileReference; lastKnownFileType = wrapper.framework; name = Masonry.framework; path = Carthage/Build/iOS/Masonry.framework; sourceTree = "<group>"; };
/* End PBXFileReference section */

/* Begin PBXFrameworksBuildPhase section */
		01B327251B84994F00C6B2D8 /* Frameworks */ = {
			isa = PBXFrameworksBuildPhase;
			buildActionMask = 2147483647;
			files = (
			);
			runOnlyForDeploymentPostprocessing = 0;
		};
		55DED17C25BEC192004C02F9 /* Frameworks */ = {
			isa = PBXFrameworksBuildPhase;
			buildActionMask = 2147483647;
			files = (
				740E724826123496008DDC92 /* Masonry.framework in Frameworks */,
			);
			runOnlyForDeploymentPostprocessing = 0;
		};
/* End PBXFrameworksBuildPhase section */

/* Begin PBXGroup section */
		01B327141B84994F00C6B2D8 = {
			isa = PBXGroup;
			children = (
				01B3271F1B84994F00C6B2D8 /* Essentials */,
				01B3272C1B84994F00C6B2D8 /* EssentialsTests */,
				01B3271E1B84994F00C6B2D8 /* Products */,
				B9825B336726F46C5B784F84 /* Frameworks */,
			);
			sourceTree = "<group>";
		};
		01B3271E1B84994F00C6B2D8 /* Products */ = {
			isa = PBXGroup;
			children = (
				01B327281B84994F00C6B2D8 /* EssentialsTests.xctest */,
				55DED17F25BEC192004C02F9 /* Essentials.framework */,
			);
			name = Products;
			sourceTree = "<group>";
		};
		01B3271F1B84994F00C6B2D8 /* Essentials */ = {
			isa = PBXGroup;
			children = (
				01E451F01B8B415C0011F1B1 /* Essentials.h */,
				55DED18225BEC192004C02F9 /* Info.plist */,
				01E451C11B8B3BD70011F1B1 /* Basic */,
				01E451D41B8B3BD70011F1B1 /* Fancy */,
				01E451F11B8B45050011F1B1 /* Masonry */,
			);
			path = Essentials;
			sourceTree = "<group>";
		};
		01B3272C1B84994F00C6B2D8 /* EssentialsTests */ = {
			isa = PBXGroup;
			children = (
				01B3272D1B84994F00C6B2D8 /* Supporting Files */,
			);
			path = EssentialsTests;
			sourceTree = "<group>";
		};
		01B3272D1B84994F00C6B2D8 /* Supporting Files */ = {
			isa = PBXGroup;
			children = (
				01B3272E1B84994F00C6B2D8 /* Info.plist */,
			);
			name = "Supporting Files";
			sourceTree = "<group>";
		};
		01E451C11B8B3BD70011F1B1 /* Basic */ = {
			isa = PBXGroup;
			children = (
				01E451C21B8B3BD70011F1B1 /* Keyboard */,
				01E451C71B8B3BD70011F1B1 /* Layout */,
				01E451CE1B8B3BD70011F1B1 /* ScrollView */,
				01E451D11B8B3BD70011F1B1 /* Touch */,
			);
			path = Basic;
			sourceTree = "<group>";
		};
		01E451C21B8B3BD70011F1B1 /* Keyboard */ = {
			isa = PBXGroup;
			children = (
				01E451C31B8B3BD70011F1B1 /* NNKeyboardListener.h */,
				01E451C41B8B3BD70011F1B1 /* NNKeyboardListener.m */,
				01E451C51B8B3BD70011F1B1 /* UIScrollView+NNKeyboardListener.h */,
				01E451C61B8B3BD70011F1B1 /* UIScrollView+NNKeyboardListener.m */,
			);
			path = Keyboard;
			sourceTree = "<group>";
		};
		01E451C71B8B3BD70011F1B1 /* Layout */ = {
			isa = PBXGroup;
			children = (
				01E451CA1B8B3BD70011F1B1 /* NNLayoutWrapper.h */,
				01E451CB1B8B3BD70011F1B1 /* NNLayoutWrapper.m */,
				01E451F61B8B59270011F1B1 /* UIView+NNSystemLayoutSize.h */,
				01E451F71B8B59270011F1B1 /* UIView+NNSystemLayoutSize.m */,
				01E451CC1B8B3BD70011F1B1 /* UIViewController+NNLayoutGuide.h */,
				01E451CD1B8B3BD70011F1B1 /* UIViewController+NNLayoutGuide.m */,
			);
			path = Layout;
			sourceTree = "<group>";
		};
		01E451CE1B8B3BD70011F1B1 /* ScrollView */ = {
			isa = PBXGroup;
			children = (
				01E451CF1B8B3BD70011F1B1 /* NNScrollViewWrapper.h */,
				01E451D01B8B3BD70011F1B1 /* NNScrollViewWrapper.m */,
			);
			path = ScrollView;
			sourceTree = "<group>";
		};
		01E451D11B8B3BD70011F1B1 /* Touch */ = {
			isa = PBXGroup;
			children = (
				01E451D21B8B3BD70011F1B1 /* NNTouchInterceptorView.h */,
				01E451D31B8B3BD70011F1B1 /* NNTouchInterceptorView.m */,
			);
			path = Touch;
			sourceTree = "<group>";
		};
		01E451D41B8B3BD70011F1B1 /* Fancy */ = {
			isa = PBXGroup;
			children = (
				01E451D51B8B3BD70011F1B1 /* Proxy */,
			);
			path = Fancy;
			sourceTree = "<group>";
		};
		01E451D51B8B3BD70011F1B1 /* Proxy */ = {
			isa = PBXGroup;
			children = (
				01E451EB1B8B40B30011F1B1 /* NSObject+NNProxy.h */,
				01E451EA1B8B40B30011F1B1 /* NSObject+NNProxy.m */,
				01E451D81B8B3BD70011F1B1 /* NNLazyProxy.h */,
				01E451D91B8B3BD70011F1B1 /* NNLazyProxy.m */,
				01E451EC1B8B40B30011F1B1 /* NNAsyncInitProxy.h */,
				01E451E91B8B40B30011F1B1 /* NNAsyncInitProxy.m */,
				01E451DA1B8B3BD70011F1B1 /* NNObjectProxy.h */,
				01E451DB1B8B3BD70011F1B1 /* NNObjectProxy.m */,
			);
			path = Proxy;
			sourceTree = "<group>";
		};
		01E451F11B8B45050011F1B1 /* Masonry */ = {
			isa = PBXGroup;
			children = (
				01E451F21B8B45050011F1B1 /* NNLayoutSpacer.h */,
				01E451F31B8B45050011F1B1 /* NNLayoutSpacer.m */,
			);
			path = Masonry;
			sourceTree = "<group>";
		};
		B9825B336726F46C5B784F84 /* Frameworks */ = {
			isa = PBXGroup;
			children = (
				740E724726123496008DDC92 /* Masonry.framework */,
			);
			name = Frameworks;
			sourceTree = "<group>";
		};
/* End PBXGroup section */

/* Begin PBXHeadersBuildPhase section */
		55DED17A25BEC192004C02F9 /* Headers */ = {
			isa = PBXHeadersBuildPhase;
			buildActionMask = 2147483647;
			files = (
				55DED1B925BEC27A004C02F9 /* NNScrollViewWrapper.h in Headers */,
				55DED1CD25BEC2A5004C02F9 /* UIView+NNSystemLayoutSize.h in Headers */,
				55DED1C825BEC297004C02F9 /* NNLayoutWrapper.h in Headers */,
				55DED18B25BEC1D9004C02F9 /* Essentials.h in Headers */,
				55DED1BE25BEC285004C02F9 /* NNKeyboardListener.h in Headers */,
				55DED1D225BEC2AF004C02F9 /* UIViewController+NNLayoutGuide.h in Headers */,
				55DED1DC25BEC2CE004C02F9 /* NSObject+NNProxy.h in Headers */,
				55DED1C325BEC28F004C02F9 /* UIScrollView+NNKeyboardListener.h in Headers */,
				55DED1E125BEC2E9004C02F9 /* NNLayoutSpacer.h in Headers */,
				55DED1D725BEC2BB004C02F9 /* NNTouchInterceptorView.h in Headers */,
			);
			runOnlyForDeploymentPostprocessing = 0;
		};
/* End PBXHeadersBuildPhase section */

/* Begin PBXNativeTarget section */
		01B327271B84994F00C6B2D8 /* EssentialsTests */ = {
			isa = PBXNativeTarget;
			buildConfigurationList = 01B327341B84994F00C6B2D8 /* Build configuration list for PBXNativeTarget "EssentialsTests" */;
			buildPhases = (
				01B327241B84994F00C6B2D8 /* Sources */,
				01B327251B84994F00C6B2D8 /* Frameworks */,
				01B327261B84994F00C6B2D8 /* Resources */,
			);
			buildRules = (
			);
			dependencies = (
			);
			name = EssentialsTests;
			productName = EssentialsTests;
			productReference = 01B327281B84994F00C6B2D8 /* EssentialsTests.xctest */;
			productType = "com.apple.product-type.bundle.unit-test";
		};
		55DED17E25BEC192004C02F9 /* Essentials */ = {
			isa = PBXNativeTarget;
			buildConfigurationList = 55DED18425BEC192004C02F9 /* Build configuration list for PBXNativeTarget "Essentials" */;
			buildPhases = (
				55DED17A25BEC192004C02F9 /* Headers */,
				55DED17B25BEC192004C02F9 /* Sources */,
				55DED17C25BEC192004C02F9 /* Frameworks */,
				55DED17D25BEC192004C02F9 /* Resources */,
			);
			buildRules = (
			);
			dependencies = (
			);
			name = Essentials;
			productName = Essentials;
			productReference = 55DED17F25BEC192004C02F9 /* Essentials.framework */;
			productType = "com.apple.product-type.framework";
		};
/* End PBXNativeTarget section */

/* Begin PBXProject section */
		01B327151B84994F00C6B2D8 /* Project object */ = {
			isa = PBXProject;
			attributes = {
				LastUpgradeCheck = 0700;
				ORGANIZATIONNAME = "Nick Tymchenko";
				TargetAttributes = {
					01B327271B84994F00C6B2D8 = {
						CreatedOnToolsVersion = 6.4;
					};
					55DED17E25BEC192004C02F9 = {
						CreatedOnToolsVersion = 12.3;
						ProvisioningStyle = Automatic;
					};
				};
			};
			buildConfigurationList = 01B327181B84994F00C6B2D8 /* Build configuration list for PBXProject "Essentials" */;
			compatibilityVersion = "Xcode 3.2";
			developmentRegion = English;
			hasScannedForEncodings = 0;
			knownRegions = (
				English,
				en,
			);
			mainGroup = 01B327141B84994F00C6B2D8;
			productRefGroup = 01B3271E1B84994F00C6B2D8 /* Products */;
			projectDirPath = "";
			projectRoot = "";
			targets = (
				01B327271B84994F00C6B2D8 /* EssentialsTests */,
				55DED17E25BEC192004C02F9 /* Essentials */,
			);
		};
/* End PBXProject section */

/* Begin PBXResourcesBuildPhase section */
		01B327261B84994F00C6B2D8 /* Resources */ = {
			isa = PBXResourcesBuildPhase;
			buildActionMask = 2147483647;
			files = (
			);
			runOnlyForDeploymentPostprocessing = 0;
		};
		55DED17D25BEC192004C02F9 /* Resources */ = {
			isa = PBXResourcesBuildPhase;
			buildActionMask = 2147483647;
			files = (
			);
			runOnlyForDeploymentPostprocessing = 0;
		};
/* End PBXResourcesBuildPhase section */

/* Begin PBXSourcesBuildPhase section */
		01B327241B84994F00C6B2D8 /* Sources */ = {
			isa = PBXSourcesBuildPhase;
			buildActionMask = 2147483647;
			files = (
			);
			runOnlyForDeploymentPostprocessing = 0;
		};
		55DED17B25BEC192004C02F9 /* Sources */ = {
			isa = PBXSourcesBuildPhase;
			buildActionMask = 2147483647;
			files = (
				55DED1B325BEC223004C02F9 /* NNObjectProxy.m in Sources */,
				55DED19E25BEC1FA004C02F9 /* UIView+NNSystemLayoutSize.m in Sources */,
				55DED1B025BEC221004C02F9 /* NNAsyncInitProxy.m in Sources */,
				55DED1A425BEC201004C02F9 /* NNScrollViewWrapper.m in Sources */,
				55DED1A725BEC204004C02F9 /* NNTouchInterceptorView.m in Sources */,
				55DED19825BEC1EF004C02F9 /* UIScrollView+NNKeyboardListener.m in Sources */,
				55DED19B25BEC1F7004C02F9 /* NNLayoutWrapper.m in Sources */,
				55DED1B625BEC233004C02F9 /* NNLayoutSpacer.m in Sources */,
				55DED1A125BEC1FD004C02F9 /* UIViewController+NNLayoutGuide.m in Sources */,
				55DED1AD25BEC21E004C02F9 /* NNLazyProxy.m in Sources */,
				55DED1AA25BEC21C004C02F9 /* NSObject+NNProxy.m in Sources */,
				55DED19525BEC1EB004C02F9 /* NNKeyboardListener.m in Sources */,
			);
			runOnlyForDeploymentPostprocessing = 0;
		};
/* End PBXSourcesBuildPhase section */

/* Begin XCBuildConfiguration section */
		01B3272F1B84994F00C6B2D8 /* Debug */ = {
			isa = XCBuildConfiguration;
			buildSettings = {
				ALWAYS_SEARCH_USER_PATHS = NO;
				CLANG_CXX_LANGUAGE_STANDARD = "gnu++0x";
				CLANG_CXX_LIBRARY = "libc++";
				CLANG_ENABLE_MODULES = YES;
				CLANG_ENABLE_OBJC_ARC = YES;
				CLANG_WARN_BOOL_CONVERSION = YES;
				CLANG_WARN_CONSTANT_CONVERSION = YES;
				CLANG_WARN_DIRECT_OBJC_ISA_USAGE = YES_ERROR;
				CLANG_WARN_EMPTY_BODY = YES;
				CLANG_WARN_ENUM_CONVERSION = YES;
				CLANG_WARN_INT_CONVERSION = YES;
				CLANG_WARN_OBJC_ROOT_CLASS = YES_ERROR;
				CLANG_WARN_UNREACHABLE_CODE = YES;
				CLANG_WARN__DUPLICATE_METHOD_MATCH = YES;
				COPY_PHASE_STRIP = NO;
				DEBUG_INFORMATION_FORMAT = "dwarf-with-dsym";
				ENABLE_STRICT_OBJC_MSGSEND = YES;
				ENABLE_TESTABILITY = YES;
				GCC_C_LANGUAGE_STANDARD = gnu99;
				GCC_DYNAMIC_NO_PIC = NO;
				GCC_NO_COMMON_BLOCKS = YES;
				GCC_OPTIMIZATION_LEVEL = 0;
				GCC_PREPROCESSOR_DEFINITIONS = (
					"DEBUG=1",
					"$(inherited)",
				);
				GCC_SYMBOLS_PRIVATE_EXTERN = NO;
				GCC_WARN_64_TO_32_BIT_CONVERSION = YES;
				GCC_WARN_ABOUT_RETURN_TYPE = YES_ERROR;
				GCC_WARN_UNDECLARED_SELECTOR = YES;
				GCC_WARN_UNINITIALIZED_AUTOS = YES_AGGRESSIVE;
				GCC_WARN_UNUSED_FUNCTION = YES;
				GCC_WARN_UNUSED_VARIABLE = YES;
				IPHONEOS_DEPLOYMENT_TARGET = 8.4;
				MTL_ENABLE_DEBUG_INFO = YES;
				ONLY_ACTIVE_ARCH = YES;
				SDKROOT = iphoneos;
			};
			name = Debug;
		};
		01B327301B84994F00C6B2D8 /* Release */ = {
			isa = XCBuildConfiguration;
			buildSettings = {
				ALWAYS_SEARCH_USER_PATHS = NO;
				CLANG_CXX_LANGUAGE_STANDARD = "gnu++0x";
				CLANG_CXX_LIBRARY = "libc++";
				CLANG_ENABLE_MODULES = YES;
				CLANG_ENABLE_OBJC_ARC = YES;
				CLANG_WARN_BOOL_CONVERSION = YES;
				CLANG_WARN_CONSTANT_CONVERSION = YES;
				CLANG_WARN_DIRECT_OBJC_ISA_USAGE = YES_ERROR;
				CLANG_WARN_EMPTY_BODY = YES;
				CLANG_WARN_ENUM_CONVERSION = YES;
				CLANG_WARN_INT_CONVERSION = YES;
				CLANG_WARN_OBJC_ROOT_CLASS = YES_ERROR;
				CLANG_WARN_UNREACHABLE_CODE = YES;
				CLANG_WARN__DUPLICATE_METHOD_MATCH = YES;
				COPY_PHASE_STRIP = NO;
				DEBUG_INFORMATION_FORMAT = "dwarf-with-dsym";
				ENABLE_NS_ASSERTIONS = NO;
				ENABLE_STRICT_OBJC_MSGSEND = YES;
				GCC_C_LANGUAGE_STANDARD = gnu99;
				GCC_NO_COMMON_BLOCKS = YES;
				GCC_WARN_64_TO_32_BIT_CONVERSION = YES;
				GCC_WARN_ABOUT_RETURN_TYPE = YES_ERROR;
				GCC_WARN_UNDECLARED_SELECTOR = YES;
				GCC_WARN_UNINITIALIZED_AUTOS = YES_AGGRESSIVE;
				GCC_WARN_UNUSED_FUNCTION = YES;
				GCC_WARN_UNUSED_VARIABLE = YES;
				IPHONEOS_DEPLOYMENT_TARGET = 8.4;
				MTL_ENABLE_DEBUG_INFO = NO;
				SDKROOT = iphoneos;
				VALIDATE_PRODUCT = YES;
			};
			name = Release;
		};
		01B327351B84994F00C6B2D8 /* Debug */ = {
			isa = XCBuildConfiguration;
			buildSettings = {
				"CODE_SIGN_IDENTITY[sdk=iphoneos*]" = "iPhone Developer";
				FRAMEWORK_SEARCH_PATHS = (
					"$(SDKROOT)/Developer/Library/Frameworks",
					"$(inherited)",
				);
				GCC_PREPROCESSOR_DEFINITIONS = (
					"DEBUG=1",
					"$(inherited)",
				);
				INFOPLIST_FILE = EssentialsTests/Info.plist;
				LD_RUNPATH_SEARCH_PATHS = "$(inherited) @executable_path/Frameworks @loader_path/Frameworks";
				PRODUCT_BUNDLE_IDENTIFIER = "me.nickynick.$(PRODUCT_NAME:rfc1034identifier)";
				PRODUCT_NAME = "$(TARGET_NAME)";
			};
			name = Debug;
		};
		01B327361B84994F00C6B2D8 /* Release */ = {
			isa = XCBuildConfiguration;
			buildSettings = {
				"CODE_SIGN_IDENTITY[sdk=iphoneos*]" = "iPhone Developer";
				FRAMEWORK_SEARCH_PATHS = (
					"$(SDKROOT)/Developer/Library/Frameworks",
					"$(inherited)",
				);
				INFOPLIST_FILE = EssentialsTests/Info.plist;
				LD_RUNPATH_SEARCH_PATHS = "$(inherited) @executable_path/Frameworks @loader_path/Frameworks";
				PRODUCT_BUNDLE_IDENTIFIER = "me.nickynick.$(PRODUCT_NAME:rfc1034identifier)";
				PRODUCT_NAME = "$(TARGET_NAME)";
			};
			name = Release;
		};
		55DED18525BEC192004C02F9 /* Debug */ = {
			isa = XCBuildConfiguration;
			buildSettings = {
				CLANG_ANALYZER_NONNULL = YES;
				CLANG_ANALYZER_NUMBER_OBJECT_CONVERSION = YES_AGGRESSIVE;
				CLANG_CXX_LANGUAGE_STANDARD = "gnu++14";
				CLANG_ENABLE_OBJC_WEAK = YES;
				CLANG_WARN_BLOCK_CAPTURE_AUTORELEASING = YES;
				CLANG_WARN_COMMA = YES;
				CLANG_WARN_DEPRECATED_OBJC_IMPLEMENTATIONS = YES;
				CLANG_WARN_DOCUMENTATION_COMMENTS = YES;
				CLANG_WARN_INFINITE_RECURSION = YES;
				CLANG_WARN_NON_LITERAL_NULL_CONVERSION = YES;
				CLANG_WARN_OBJC_IMPLICIT_RETAIN_SELF = YES;
				CLANG_WARN_OBJC_LITERAL_CONVERSION = YES;
				CLANG_WARN_QUOTED_INCLUDE_IN_FRAMEWORK_HEADER = YES;
				CLANG_WARN_RANGE_LOOP_ANALYSIS = YES;
				CLANG_WARN_STRICT_PROTOTYPES = YES;
				CLANG_WARN_SUSPICIOUS_MOVE = YES;
				CLANG_WARN_UNGUARDED_AVAILABILITY = YES_AGGRESSIVE;
				CODE_SIGN_STYLE = Automatic;
				CURRENT_PROJECT_VERSION = 1;
				DEBUG_INFORMATION_FORMAT = dwarf;
				DEFINES_MODULE = YES;
				DYLIB_COMPATIBILITY_VERSION = 1;
				DYLIB_CURRENT_VERSION = 1;
				DYLIB_INSTALL_NAME_BASE = "@rpath";
				FRAMEWORK_SEARCH_PATHS = (
					"$(inherited)",
					"$(PROJECT_DIR)/Carthage/Build/iOS",
				);
				GCC_C_LANGUAGE_STANDARD = gnu11;
				INFOPLIST_FILE = Essentials/Info.plist;
				INSTALL_PATH = "$(LOCAL_LIBRARY_DIR)/Frameworks";
				IPHONEOS_DEPLOYMENT_TARGET = 11.0;
				LD_RUNPATH_SEARCH_PATHS = "$(inherited) @executable_path/Frameworks @loader_path/Frameworks";
				MTL_ENABLE_DEBUG_INFO = INCLUDE_SOURCE;
				MTL_FAST_MATH = YES;
				PRODUCT_BUNDLE_IDENTIFIER = Joom.Essentials;
				PRODUCT_NAME = "$(TARGET_NAME:c99extidentifier)";
				SKIP_INSTALL = YES;
				SUPPORTS_MACCATALYST = NO;
				TARGETED_DEVICE_FAMILY = 1;
				VALIDATE_WORKSPACE = YES;
				VERSIONING_SYSTEM = "apple-generic";
				VERSION_INFO_PREFIX = "";
			};
			name = Debug;
		};
		55DED18625BEC192004C02F9 /* Release */ = {
			isa = XCBuildConfiguration;
			buildSettings = {
				CLANG_ANALYZER_NONNULL = YES;
				CLANG_ANALYZER_NUMBER_OBJECT_CONVERSION = YES_AGGRESSIVE;
				CLANG_CXX_LANGUAGE_STANDARD = "gnu++14";
				CLANG_ENABLE_OBJC_WEAK = YES;
				CLANG_WARN_BLOCK_CAPTURE_AUTORELEASING = YES;
				CLANG_WARN_COMMA = YES;
				CLANG_WARN_DEPRECATED_OBJC_IMPLEMENTATIONS = YES;
				CLANG_WARN_DOCUMENTATION_COMMENTS = YES;
				CLANG_WARN_INFINITE_RECURSION = YES;
				CLANG_WARN_NON_LITERAL_NULL_CONVERSION = YES;
				CLANG_WARN_OBJC_IMPLICIT_RETAIN_SELF = YES;
				CLANG_WARN_OBJC_LITERAL_CONVERSION = YES;
				CLANG_WARN_QUOTED_INCLUDE_IN_FRAMEWORK_HEADER = YES;
				CLANG_WARN_RANGE_LOOP_ANALYSIS = YES;
				CLANG_WARN_STRICT_PROTOTYPES = YES;
				CLANG_WARN_SUSPICIOUS_MOVE = YES;
				CLANG_WARN_UNGUARDED_AVAILABILITY = YES_AGGRESSIVE;
				CODE_SIGN_STYLE = Automatic;
				CURRENT_PROJECT_VERSION = 1;
				DEFINES_MODULE = YES;
				DYLIB_COMPATIBILITY_VERSION = 1;
				DYLIB_CURRENT_VERSION = 1;
				DYLIB_INSTALL_NAME_BASE = "@rpath";
				FRAMEWORK_SEARCH_PATHS = (
					"$(inherited)",
					"$(PROJECT_DIR)/Carthage/Build/iOS",
				);
				GCC_C_LANGUAGE_STANDARD = gnu11;
				INFOPLIST_FILE = Essentials/Info.plist;
				INSTALL_PATH = "$(LOCAL_LIBRARY_DIR)/Frameworks";
				IPHONEOS_DEPLOYMENT_TARGET = 11.0;
				LD_RUNPATH_SEARCH_PATHS = "$(inherited) @executable_path/Frameworks @loader_path/Frameworks";
				MTL_FAST_MATH = YES;
				PRODUCT_BUNDLE_IDENTIFIER = Joom.Essentials;
				PRODUCT_NAME = "$(TARGET_NAME:c99extidentifier)";
				SKIP_INSTALL = YES;
				SUPPORTS_MACCATALYST = NO;
				TARGETED_DEVICE_FAMILY = 1;
				VALIDATE_WORKSPACE = YES;
				VERSIONING_SYSTEM = "apple-generic";
				VERSION_INFO_PREFIX = "";
			};
			name = Release;
		};
/* End XCBuildConfiguration section */

/* Begin XCConfigurationList section */
		01B327181B84994F00C6B2D8 /* Build configuration list for PBXProject "Essentials" */ = {
			isa = XCConfigurationList;
			buildConfigurations = (
				01B3272F1B84994F00C6B2D8 /* Debug */,
				01B327301B84994F00C6B2D8 /* Release */,
			);
			defaultConfigurationIsVisible = 0;
			defaultConfigurationName = Release;
		};
		01B327341B84994F00C6B2D8 /* Build configuration list for PBXNativeTarget "EssentialsTests" */ = {
			isa = XCConfigurationList;
			buildConfigurations = (
				01B327351B84994F00C6B2D8 /* Debug */,
				01B327361B84994F00C6B2D8 /* Release */,
			);
			defaultConfigurationIsVisible = 0;
			defaultConfigurationName = Release;
		};
		55DED18425BEC192004C02F9 /* Build configuration list for PBXNativeTarget "Essentials" */ = {
			isa = XCConfigurationList;
			buildConfigurations = (
				55DED18525BEC192004C02F9 /* Debug */,
				55DED18625BEC192004C02F9 /* Release */,
			);
			defaultConfigurationIsVisible = 0;
			defaultConfigurationName = Release;
		};
/* End XCConfigurationList section */
	};
	rootObject = 01B327151B84994F00C6B2D8 /* Project object */;
}
